
Microsoft Visual Studio Solution File, Format Version 12.00
# Visual Studio 15
VisualStudioVersion = 15.0.28010.2003
MinimumVisualStudioVersion = 10.0.40219.1
Project("{FAE04EC0-301F-11D3-BF4B-00C04F79EFBC}") = "YolesaBackend", "YolesaBackend\YolesaBackend.csproj", "{34DD72A4-99A2-4B55-8E05-A959CACF82EB}"
EndProject
Global
	GlobalSection(SolutionConfigurationPlatforms) = preSolution
		Debug|Any CPU = Debug|Any CPU
		Release|Any CPU = Release|Any CPU
	EndGlobalSection
	GlobalSection(ProjectConfigurationPlatforms) = postSolution
		{34DD72A4-99A2-4B55-8E05-A959CACF82EB}.Debug|Any CPU.ActiveCfg = Debug|Any CPU
		{34DD72A4-99A2-4B55-8E05-A959CACF82EB}.Debug|Any CPU.Build.0 = Debug|Any CPU
		{34DD72A4-99A2-4B55-8E05-A959CACF82EB}.Release|Any CPU.ActiveCfg = Release|Any CPU
		{34DD72A4-99A2-4B55-8E05-A959CACF82EB}.Release|Any CPU.Build.0 = Release|Any CPU
	EndGlobalSection
	GlobalSection(SolutionProperties) = preSolution
		HideSolutionNode = FALSE
	EndGlobalSection
	GlobalSection(ExtensibilityGlobals) = postSolution
		SolutionGuid = {30861617-85BA-4AEF-BCBA-8BB3283787A3}
	EndGlobalSection
EndGlobal
